
Microsoft Visual Studio Solution File, Format Version 12.00
# Visual Studio Version 17
VisualStudioVersion = 17.2.32526.322
MinimumVisualStudioVersion = 10.0.40219.1
Project("{FAE04EC0-301F-11D3-BF4B-00C04F79EFBC}") = "WebApp", "WebApp\WebApp.csproj", "{CC4249D2-586E-4ECC-9FE3-6BDC4BE11E09}"
EndProject
Global
	GlobalSection(SolutionConfigurationPlatforms) = preSolution
		Debug|Any CPU = Debug|Any CPU
		Release|Any CPU = Release|Any CPU
	EndGlobalSection
	GlobalSection(ProjectConfigurationPlatforms) = postSolution
		{CC4249D2-586E-4ECC-9FE3-6BDC4BE11E09}.Debug|Any CPU.ActiveCfg = Debug|Any CPU
		{CC4249D2-586E-4ECC-9FE3-6BDC4BE11E09}.Debug|Any CPU.Build.0 = Debug|Any CPU
		{CC4249D2-586E-4ECC-9FE3-6BDC4BE11E09}.Release|Any CPU.ActiveCfg = Release|Any CPU
		{CC4249D2-586E-4ECC-9FE3-6BDC4BE11E09}.Release|Any CPU.Build.0 = Release|Any CPU
	EndGlobalSection
	GlobalSection(SolutionProperties) = preSolution
		HideSolutionNode = FALSE
	EndGlobalSection
	GlobalSection(ExtensibilityGlobals) = postSolution
		SolutionGuid = {56837A87-8E6C-4601-89C6-5CDF5802DA30}
	EndGlobalSection
EndGlobal
